{
  "pins" : [
    {
      "identity" : "spm-greet",
      "kind" : "remoteSourceControl",
      "location" : "https://github.com/akv-demo/spm-greet",
      "state" : {
        "branch" : "main",
        "revision" : "bfeb2b6509642904c3ecda1a6df7a00bc2b0f75a"
      }
    },
    {
      "identity" : "spm-greet2",
      "kind" : "remoteSourceControl",
      "location" : "https://github.com/akv-demo/spm-greet2",
      "state" : {
        "branch" : "main",
        "revision" : "6316ccee00165a969f50b01d3dea22cd9a791934"
      }
    }
  ],
  "version" : 2
}
